
Microsoft Visual Studio Solution File, Format Version 12.00
# Visual Studio Version 17
VisualStudioVersion = 17.2.32630.192
MinimumVisualStudioVersion = 10.0.40219.1
Project("{9A19103F-16F7-4668-BE54-9A1E7A4F7556}") = "R5T.F0076", "R5T.F0076\R5T.F0076.csproj", "{C40E41F8-8442-401F-9E88-A1BEFC47F0ED}"
EndProject
Global
	GlobalSection(SolutionConfigurationPlatforms) = preSolution
		Debug|Any CPU = Debug|Any CPU
		Release|Any CPU = Release|Any CPU
	EndGlobalSection
	GlobalSection(ProjectConfigurationPlatforms) = postSolution
		{C40E41F8-8442-401F-9E88-A1BEFC47F0ED}.Debug|Any CPU.ActiveCfg = Debug|Any CPU
		{C40E41F8-8442-401F-9E88-A1BEFC47F0ED}.Debug|Any CPU.Build.0 = Debug|Any CPU
		{C40E41F8-8442-401F-9E88-A1BEFC47F0ED}.Release|Any CPU.ActiveCfg = Release|Any CPU
		{C40E41F8-8442-401F-9E88-A1BEFC47F0ED}.Release|Any CPU.Build.0 = Release|Any CPU
	EndGlobalSection
	GlobalSection(SolutionProperties) = preSolution
		HideSolutionNode = FALSE
	EndGlobalSection
	GlobalSection(ExtensibilityGlobals) = postSolution
		SolutionGuid = {175F070B-E3AC-4D89-9B70-63F62A079F59}
	EndGlobalSection
EndGlobal
